
Microsoft Visual Studio Solution File, Format Version 12.00
# Visual Studio Version 17
VisualStudioVersion = 17.11.35222.181
MinimumVisualStudioVersion = 10.0.40219.1
Project("{FAE04EC0-301F-11D3-BF4B-00C04F79EFBC}") = "Enumerable.UI.Consola", "Enumerable.UI.Consola\Enumerable.UI.Consola.csproj", "{0408EA7B-B67D-4C11-AAB6-573574595549}"
EndProject
Global
	GlobalSection(SolutionConfigurationPlatforms) = preSolution
		Debug|Any CPU = Debug|Any CPU
		Release|Any CPU = Release|Any CPU
	EndGlobalSection
	GlobalSection(ProjectConfigurationPlatforms) = postSolution
		{0408EA7B-B67D-4C11-AAB6-573574595549}.Debug|Any CPU.ActiveCfg = Debug|Any CPU
		{0408EA7B-B67D-4C11-AAB6-573574595549}.Debug|Any CPU.Build.0 = Debug|Any CPU
		{0408EA7B-B67D-4C11-AAB6-573574595549}.Release|Any CPU.ActiveCfg = Release|Any CPU
		{0408EA7B-B67D-4C11-AAB6-573574595549}.Release|Any CPU.Build.0 = Release|Any CPU
	EndGlobalSection
	GlobalSection(SolutionProperties) = preSolution
		HideSolutionNode = FALSE
	EndGlobalSection
	GlobalSection(ExtensibilityGlobals) = postSolution
		SolutionGuid = {5275332C-C813-4F2B-B486-10E0DE5C693E}
	EndGlobalSection
EndGlobal
